
Microsoft Visual Studio Solution File, Format Version 12.00
# Visual Studio Version 16
VisualStudioVersion = 16.0.31624.102
MinimumVisualStudioVersion = 10.0.40219.1
Project("{D2ABAB84-BF74-430A-B69E-9DC6D40DDA17}") = "SEMI2_Fase2", "SEMI2_Fase2.dwproj", "{786FB170-DB88-4E60-86BD-FDA63F70F9C6}"
EndProject
Global
	GlobalSection(SolutionConfigurationPlatforms) = preSolution
		Development|Default = Development|Default
	EndGlobalSection
	GlobalSection(ProjectConfigurationPlatforms) = postSolution
		{786FB170-DB88-4E60-86BD-FDA63F70F9C6}.Development|Default.ActiveCfg = Development
		{786FB170-DB88-4E60-86BD-FDA63F70F9C6}.Development|Default.Build.0 = Development
		{786FB170-DB88-4E60-86BD-FDA63F70F9C6}.Development|Default.Deploy.0 = Development
	EndGlobalSection
	GlobalSection(SolutionProperties) = preSolution
		HideSolutionNode = FALSE
	EndGlobalSection
	GlobalSection(ExtensibilityGlobals) = postSolution
		SolutionGuid = {EF516892-4F98-4737-8F4E-93C5C294F5A2}
	EndGlobalSection
EndGlobal
